# THIS IS AN AUTOGENERATED FILE. DO NOT EDIT THIS FILE DIRECTLY.
# yarn lockfile v1


nodemailer@^6.4.10:
  version "6.4.10"
  resolved "https://registry.yarnpkg.com/nodemailer/-/nodemailer-6.4.10.tgz#f4c8dc7991c57f41fd081bef224ef01f7065143d"
  integrity sha512-j+pS9CURhPgk6r0ENr7dji+As2xZiHSvZeVnzKniLOw1eRAyM/7flP0u65tCnsapV8JFu+t0l/5VeHsCZEeh9g==
